
Microsoft Visual Studio Solution File, Format Version 12.00
# Visual Studio 15
VisualStudioVersion = 15.0.28010.2036
MinimumVisualStudioVersion = 10.0.40219.1
Project("{FAE04EC0-301F-11D3-BF4B-00C04F79EFBC}") = "EntityFrameworkCore.EntityTypeConfig", "EntityFrameworkCore.EntityTypeConfig\EntityFrameworkCore.EntityTypeConfig.csproj", "{BC7DF901-4B9C-43CE-A46E-B3A842527DE3}"
EndProject
Global
	GlobalSection(SolutionConfigurationPlatforms) = preSolution
		Debug|Any CPU = Debug|Any CPU
		Release|Any CPU = Release|Any CPU
	EndGlobalSection
	GlobalSection(ProjectConfigurationPlatforms) = postSolution
		{BC7DF901-4B9C-43CE-A46E-B3A842527DE3}.Debug|Any CPU.ActiveCfg = Debug|Any CPU
		{BC7DF901-4B9C-43CE-A46E-B3A842527DE3}.Debug|Any CPU.Build.0 = Debug|Any CPU
		{BC7DF901-4B9C-43CE-A46E-B3A842527DE3}.Release|Any CPU.ActiveCfg = Release|Any CPU
		{BC7DF901-4B9C-43CE-A46E-B3A842527DE3}.Release|Any CPU.Build.0 = Release|Any CPU
	EndGlobalSection
	GlobalSection(SolutionProperties) = preSolution
		HideSolutionNode = FALSE
	EndGlobalSection
	GlobalSection(ExtensibilityGlobals) = postSolution
		SolutionGuid = {C5EE5B16-D861-41A3-BD55-F15C60AD9AFE}
	EndGlobalSection
EndGlobal
